
Microsoft Visual Studio Solution File, Format Version 12.00
# Visual Studio Version 17
VisualStudioVersion = 17.12.35707.178
MinimumVisualStudioVersion = 10.0.40219.1
Project("{9A19103F-16F7-4668-BE54-9A1E7A4F7556}") = "SkinTime", "SkinTime\SkinTime.csproj", "{9D03315F-04E2-43FF-BF16-9C1F6B5CDA6B}"
EndProject
Project("{9A19103F-16F7-4668-BE54-9A1E7A4F7556}") = "SkinTime.DAL", "SkinTime.DAL\SkinTime.DAL.csproj", "{E87BCF5B-80C8-4C12-B557-23921DCF779D}"
EndProject
Project("{9A19103F-16F7-4668-BE54-9A1E7A4F7556}") = "SkinTime.BLL", "SkinTime.BLL\SkinTime.BLL.csproj", "{C44593B8-3ECF-4A7F-9F12-DDCACC345660}"
EndProject
Project("{FAE04EC0-301F-11D3-BF4B-00C04F79EFBC}") = "SharedLibrary", "SharedLibrary\SharedLibrary.csproj", "{F6ED2BAF-D042-42E6-A891-2FB834825AB9}"
EndProject
Project("{E53339B2-1760-4266-BCC7-CA923CBCF16C}") = "docker-compose", "docker-compose.dcproj", "{32B3C8FF-B743-49FA-8DCE-0B3EF6F666C5}"
EndProject
Global
	GlobalSection(SolutionConfigurationPlatforms) = preSolution
		Debug|Any CPU = Debug|Any CPU
		Release|Any CPU = Release|Any CPU
	EndGlobalSection
	GlobalSection(ProjectConfigurationPlatforms) = postSolution
		{9D03315F-04E2-43FF-BF16-9C1F6B5CDA6B}.Debug|Any CPU.ActiveCfg = Debug|Any CPU
		{9D03315F-04E2-43FF-BF16-9C1F6B5CDA6B}.Debug|Any CPU.Build.0 = Debug|Any CPU
		{9D03315F-04E2-43FF-BF16-9C1F6B5CDA6B}.Release|Any CPU.ActiveCfg = Release|Any CPU
		{9D03315F-04E2-43FF-BF16-9C1F6B5CDA6B}.Release|Any CPU.Build.0 = Release|Any CPU
		{E87BCF5B-80C8-4C12-B557-23921DCF779D}.Debug|Any CPU.ActiveCfg = Debug|Any CPU
		{E87BCF5B-80C8-4C12-B557-23921DCF779D}.Debug|Any CPU.Build.0 = Debug|Any CPU
		{E87BCF5B-80C8-4C12-B557-23921DCF779D}.Release|Any CPU.ActiveCfg = Release|Any CPU
		{E87BCF5B-80C8-4C12-B557-23921DCF779D}.Release|Any CPU.Build.0 = Release|Any CPU
		{C44593B8-3ECF-4A7F-9F12-DDCACC345660}.Debug|Any CPU.ActiveCfg = Debug|Any CPU
		{C44593B8-3ECF-4A7F-9F12-DDCACC345660}.Debug|Any CPU.Build.0 = Debug|Any CPU
		{C44593B8-3ECF-4A7F-9F12-DDCACC345660}.Release|Any CPU.ActiveCfg = Release|Any CPU
		{C44593B8-3ECF-4A7F-9F12-DDCACC345660}.Release|Any CPU.Build.0 = Release|Any CPU
		{F6ED2BAF-D042-42E6-A891-2FB834825AB9}.Debug|Any CPU.ActiveCfg = Debug|Any CPU
		{F6ED2BAF-D042-42E6-A891-2FB834825AB9}.Debug|Any CPU.Build.0 = Debug|Any CPU
		{F6ED2BAF-D042-42E6-A891-2FB834825AB9}.Release|Any CPU.ActiveCfg = Release|Any CPU
		{F6ED2BAF-D042-42E6-A891-2FB834825AB9}.Release|Any CPU.Build.0 = Release|Any CPU
		{32B3C8FF-B743-49FA-8DCE-0B3EF6F666C5}.Debug|Any CPU.ActiveCfg = Debug|Any CPU
		{32B3C8FF-B743-49FA-8DCE-0B3EF6F666C5}.Debug|Any CPU.Build.0 = Debug|Any CPU
		{32B3C8FF-B743-49FA-8DCE-0B3EF6F666C5}.Release|Any CPU.ActiveCfg = Release|Any CPU
		{32B3C8FF-B743-49FA-8DCE-0B3EF6F666C5}.Release|Any CPU.Build.0 = Release|Any CPU
	EndGlobalSection
	GlobalSection(SolutionProperties) = preSolution
		HideSolutionNode = FALSE
	EndGlobalSection
	GlobalSection(ExtensibilityGlobals) = postSolution
		SolutionGuid = {D4B0B620-7C1E-47CC-A5F5-F9B193C2D755}
	EndGlobalSection
EndGlobal
